
Microsoft Visual Studio Solution File, Format Version 12.00
# Visual Studio 15
VisualStudioVersion = 15.0.28307.168
MinimumVisualStudioVersion = 10.0.40219.1
Project("{9A19103F-16F7-4668-BE54-9A1E7A4F7556}") = "Ekklesia.Domain", "Ekklesia.Domain\Ekklesia.Domain.csproj", "{FE721817-49B6-4B35-807C-C1720E61A5B0}"
EndProject
Project("{9A19103F-16F7-4668-BE54-9A1E7A4F7556}") = "Ekklesia.API", "Ekklesia.API\Ekklesia.API.csproj", "{390AE897-B9D8-42A2-AA32-47570D903DC0}"
EndProject
Project("{9A19103F-16F7-4668-BE54-9A1E7A4F7556}") = "Ekklesia.Data", "Ekklesia.Data\Ekklesia.Data.csproj", "{81E49FE4-FAD9-4E4B-A3AE-2E0A6D0C4317}"
EndProject
Project("{9A19103F-16F7-4668-BE54-9A1E7A4F7556}") = "Ekklesia.DTO", "Ekklesia.DTO\Ekklesia.DTO.csproj", "{56F320DE-3760-4B33-B30A-89B64374C869}"
EndProject
Project("{9A19103F-16F7-4668-BE54-9A1E7A4F7556}") = "Ekklesia.DI", "Ekklesia.DI\Ekklesia.DI.csproj", "{F5679FCB-F127-46E6-8B00-33A26C1917D7}"
EndProject
Project("{FAE04EC0-301F-11D3-BF4B-00C04F79EFBC}") = "Ekklesia.Services", "Ekklesia.Services\Ekklesia.Services.csproj", "{C6E6F431-31F0-4E8D-83B6-089479412D5D}"
EndProject
Global
	GlobalSection(SolutionConfigurationPlatforms) = preSolution
		Debug|Any CPU = Debug|Any CPU
		Release|Any CPU = Release|Any CPU
	EndGlobalSection
	GlobalSection(ProjectConfigurationPlatforms) = postSolution
		{FE721817-49B6-4B35-807C-C1720E61A5B0}.Debug|Any CPU.ActiveCfg = Debug|Any CPU
		{FE721817-49B6-4B35-807C-C1720E61A5B0}.Debug|Any CPU.Build.0 = Debug|Any CPU
		{FE721817-49B6-4B35-807C-C1720E61A5B0}.Release|Any CPU.ActiveCfg = Release|Any CPU
		{FE721817-49B6-4B35-807C-C1720E61A5B0}.Release|Any CPU.Build.0 = Release|Any CPU
		{390AE897-B9D8-42A2-AA32-47570D903DC0}.Debug|Any CPU.ActiveCfg = Debug|Any CPU
		{390AE897-B9D8-42A2-AA32-47570D903DC0}.Debug|Any CPU.Build.0 = Debug|Any CPU
		{390AE897-B9D8-42A2-AA32-47570D903DC0}.Release|Any CPU.ActiveCfg = Release|Any CPU
		{390AE897-B9D8-42A2-AA32-47570D903DC0}.Release|Any CPU.Build.0 = Release|Any CPU
		{81E49FE4-FAD9-4E4B-A3AE-2E0A6D0C4317}.Debug|Any CPU.ActiveCfg = Debug|Any CPU
		{81E49FE4-FAD9-4E4B-A3AE-2E0A6D0C4317}.Debug|Any CPU.Build.0 = Debug|Any CPU
		{81E49FE4-FAD9-4E4B-A3AE-2E0A6D0C4317}.Release|Any CPU.ActiveCfg = Release|Any CPU
		{81E49FE4-FAD9-4E4B-A3AE-2E0A6D0C4317}.Release|Any CPU.Build.0 = Release|Any CPU
		{56F320DE-3760-4B33-B30A-89B64374C869}.Debug|Any CPU.ActiveCfg = Debug|Any CPU
		{56F320DE-3760-4B33-B30A-89B64374C869}.Debug|Any CPU.Build.0 = Debug|Any CPU
		{56F320DE-3760-4B33-B30A-89B64374C869}.Release|Any CPU.ActiveCfg = Release|Any CPU
		{56F320DE-3760-4B33-B30A-89B64374C869}.Release|Any CPU.Build.0 = Release|Any CPU
		{F5679FCB-F127-46E6-8B00-33A26C1917D7}.Debug|Any CPU.ActiveCfg = Debug|Any CPU
		{F5679FCB-F127-46E6-8B00-33A26C1917D7}.Debug|Any CPU.Build.0 = Debug|Any CPU
		{F5679FCB-F127-46E6-8B00-33A26C1917D7}.Release|Any CPU.ActiveCfg = Release|Any CPU
		{F5679FCB-F127-46E6-8B00-33A26C1917D7}.Release|Any CPU.Build.0 = Release|Any CPU
		{C6E6F431-31F0-4E8D-83B6-089479412D5D}.Debug|Any CPU.ActiveCfg = Debug|Any CPU
		{C6E6F431-31F0-4E8D-83B6-089479412D5D}.Debug|Any CPU.Build.0 = Debug|Any CPU
		{C6E6F431-31F0-4E8D-83B6-089479412D5D}.Release|Any CPU.ActiveCfg = Release|Any CPU
		{C6E6F431-31F0-4E8D-83B6-089479412D5D}.Release|Any CPU.Build.0 = Release|Any CPU
	EndGlobalSection
	GlobalSection(SolutionProperties) = preSolution
		HideSolutionNode = FALSE
	EndGlobalSection
	GlobalSection(ExtensibilityGlobals) = postSolution
		SolutionGuid = {8ACD63EF-A832-4BCE-9EA1-617495B22995}
	EndGlobalSection
EndGlobal
