
Microsoft Visual Studio Solution File, Format Version 12.00
# Visual Studio Version 16
VisualStudioVersion = 16.0.29324.140
MinimumVisualStudioVersion = 10.0.40219.1
Project("{9A19103F-16F7-4668-BE54-9A1E7A4F7556}") = "Ekklesia.API", "Ekklesia.API\Ekklesia.API.csproj", "{390AE897-B9D8-42A2-AA32-47570D903DC0}"
EndProject
Project("{9A19103F-16F7-4668-BE54-9A1E7A4F7556}") = "Ekklesia.Data", "Ekklesia.Data\Ekklesia.Data.csproj", "{81E49FE4-FAD9-4E4B-A3AE-2E0A6D0C4317}"
EndProject
Project("{9A19103F-16F7-4668-BE54-9A1E7A4F7556}") = "Ekklesia.DI", "Ekklesia.DI\Ekklesia.DI.csproj", "{F5679FCB-F127-46E6-8B00-33A26C1917D7}"
EndProject
Project("{9A19103F-16F7-4668-BE54-9A1E7A4F7556}") = "Ekklesia.Business", "Ekklesia.Business\Ekklesia.Business.csproj", "{6B205575-AF36-4E61-9B0D-957054EFB779}"
EndProject
Project("{FAE04EC0-301F-11D3-BF4B-00C04F79EFBC}") = "Ekklesia.Models", "Ekklesia.Models\Ekklesia.Models.csproj", "{AF2BB849-EF1D-4B1C-8C8D-A217F888E005}"
EndProject
Project("{FAE04EC0-301F-11D3-BF4B-00C04F79EFBC}") = "Ekklesia.Infrastructure", "Ekklesia.Infrastructure\Ekklesia.Infrastructure.csproj", "{EC52F05E-0F1E-4B13-91D1-B6D74D353BE9}"
EndProject
Global
	GlobalSection(SolutionConfigurationPlatforms) = preSolution
		Debug|Any CPU = Debug|Any CPU
		Release|Any CPU = Release|Any CPU
	EndGlobalSection
	GlobalSection(ProjectConfigurationPlatforms) = postSolution
		{390AE897-B9D8-42A2-AA32-47570D903DC0}.Debug|Any CPU.ActiveCfg = Debug|Any CPU
		{390AE897-B9D8-42A2-AA32-47570D903DC0}.Debug|Any CPU.Build.0 = Debug|Any CPU
		{390AE897-B9D8-42A2-AA32-47570D903DC0}.Release|Any CPU.ActiveCfg = Release|Any CPU
		{390AE897-B9D8-42A2-AA32-47570D903DC0}.Release|Any CPU.Build.0 = Release|Any CPU
		{81E49FE4-FAD9-4E4B-A3AE-2E0A6D0C4317}.Debug|Any CPU.ActiveCfg = Debug|Any CPU
		{81E49FE4-FAD9-4E4B-A3AE-2E0A6D0C4317}.Debug|Any CPU.Build.0 = Debug|Any CPU
		{81E49FE4-FAD9-4E4B-A3AE-2E0A6D0C4317}.Release|Any CPU.ActiveCfg = Release|Any CPU
		{81E49FE4-FAD9-4E4B-A3AE-2E0A6D0C4317}.Release|Any CPU.Build.0 = Release|Any CPU
		{F5679FCB-F127-46E6-8B00-33A26C1917D7}.Debug|Any CPU.ActiveCfg = Debug|Any CPU
		{F5679FCB-F127-46E6-8B00-33A26C1917D7}.Debug|Any CPU.Build.0 = Debug|Any CPU
		{F5679FCB-F127-46E6-8B00-33A26C1917D7}.Release|Any CPU.ActiveCfg = Release|Any CPU
		{F5679FCB-F127-46E6-8B00-33A26C1917D7}.Release|Any CPU.Build.0 = Release|Any CPU
		{6B205575-AF36-4E61-9B0D-957054EFB779}.Debug|Any CPU.ActiveCfg = Debug|Any CPU
		{6B205575-AF36-4E61-9B0D-957054EFB779}.Debug|Any CPU.Build.0 = Debug|Any CPU
		{6B205575-AF36-4E61-9B0D-957054EFB779}.Release|Any CPU.ActiveCfg = Release|Any CPU
		{6B205575-AF36-4E61-9B0D-957054EFB779}.Release|Any CPU.Build.0 = Release|Any CPU
		{AF2BB849-EF1D-4B1C-8C8D-A217F888E005}.Debug|Any CPU.ActiveCfg = Debug|Any CPU
		{AF2BB849-EF1D-4B1C-8C8D-A217F888E005}.Debug|Any CPU.Build.0 = Debug|Any CPU
		{AF2BB849-EF1D-4B1C-8C8D-A217F888E005}.Release|Any CPU.ActiveCfg = Release|Any CPU
		{AF2BB849-EF1D-4B1C-8C8D-A217F888E005}.Release|Any CPU.Build.0 = Release|Any CPU
		{EC52F05E-0F1E-4B13-91D1-B6D74D353BE9}.Debug|Any CPU.ActiveCfg = Debug|Any CPU
		{EC52F05E-0F1E-4B13-91D1-B6D74D353BE9}.Debug|Any CPU.Build.0 = Debug|Any CPU
		{EC52F05E-0F1E-4B13-91D1-B6D74D353BE9}.Release|Any CPU.ActiveCfg = Release|Any CPU
		{EC52F05E-0F1E-4B13-91D1-B6D74D353BE9}.Release|Any CPU.Build.0 = Release|Any CPU
	EndGlobalSection
	GlobalSection(SolutionProperties) = preSolution
		HideSolutionNode = FALSE
	EndGlobalSection
	GlobalSection(ExtensibilityGlobals) = postSolution
		SolutionGuid = {8ACD63EF-A832-4BCE-9EA1-617495B22995}
	EndGlobalSection
EndGlobal
